{
	"name": "loxone-ws-influx",
	"version": "1.0.0",
	"lockfileVersion": 2,
	"requires": true,
	"packages": {
		"": {
			"name": "loxone-ws-influx",
			"version": "1.0.0",
			"license": "Apache-2.0",
			"dependencies": {
				"config": "*",
				"influx": "*",
				"node-lox-ws-api": "^0.4.5",
				"typescript": "*"
			},
			"devDependencies": {
				"@types/config": "0.0.36",
				"@types/node": "^13.7.7"
			}
		},
		"node_modules/@types/config": {
			"version": "0.0.36",
			"resolved": "https://registry.npmjs.org/@types/config/-/config-0.0.36.tgz",
			"integrity": "sha512-EoAeT1MyFWh2BJvBDEFInY714bQBbHOAucqxqqhprhbBFqr+B7fuN5T9CJqUIGDzvwubnKKRqmSo6yPo0aSpNw==",
			"dev": true
		},
		"node_modules/@types/node": {
			"version": "13.7.7",
			"resolved": "https://registry.npmjs.org/@types/node/-/node-13.7.7.tgz",
			"integrity": "sha512-Uo4chgKbnPNlxQwoFmYIwctkQVkMMmsAoGGU4JKwLuvBefF0pCq4FybNSnfkfRCpC7ZW7kttcC/TrRtAJsvGtg==",
			"dev": true
		},
		"node_modules/config": {
			"version": "3.3.8",
			"resolved": "https://registry.npmjs.org/config/-/config-3.3.8.tgz",
			"integrity": "sha512-rFzF6VESOdp7wAXFlB9IOZI4ouL05g3A03v2eRcTHj2JBQaTNJ40zhAUl5wRbWHqLZ+uqp/7OE0BWWtAVgrong==",
			"dependencies": {
				"json5": "^2.2.1"
			},
			"engines": {
				"node": ">= 10.0.0"
			}
		},
		"node_modules/d": {
			"version": "1.0.1",
			"resolved": "https://registry.npmjs.org/d/-/d-1.0.1.tgz",
			"integrity": "sha512-m62ShEObQ39CfralilEQRjH6oAMtNCV1xJyEx5LpRYUVN+EviphDgUc/F3hnYbADmkiNs67Y+3ylmlG7Lnu+FA==",
			"dependencies": {
				"es5-ext": "^0.10.50",
				"type": "^1.0.1"
			}
		},
		"node_modules/debug": {
			"version": "2.6.9",
			"resolved": "https://registry.npmjs.org/debug/-/debug-2.6.9.tgz",
			"integrity": "sha512-bC7ElrdJaJnPbAP+1EotYvqZsb3ecl5wi6Bfi6BJTUcNowp6cvspg0jXznRTKDjm/E7AdgFBVeAPVMNcKGsHMA==",
			"dependencies": {
				"ms": "2.0.0"
			}
		},
		"node_modules/es5-ext": {
			"version": "0.10.53",
			"resolved": "https://registry.npmjs.org/es5-ext/-/es5-ext-0.10.53.tgz",
			"integrity": "sha512-Xs2Stw6NiNHWypzRTY1MtaG/uJlwCk8kH81920ma8mvN8Xq1gsfhZvpkImLQArw8AHnv8MT2I45J3c0R8slE+Q==",
			"dependencies": {
				"es6-iterator": "~2.0.3",
				"es6-symbol": "~3.1.3",
				"next-tick": "~1.0.0"
			}
		},
		"node_modules/es6-iterator": {
			"version": "2.0.3",
			"resolved": "https://registry.npmjs.org/es6-iterator/-/es6-iterator-2.0.3.tgz",
			"integrity": "sha1-p96IkUGgWpSwhUQDstCg+/qY87c=",
			"dependencies": {
				"d": "1",
				"es5-ext": "^0.10.35",
				"es6-symbol": "^3.1.1"
			}
		},
		"node_modules/es6-symbol": {
			"version": "3.1.3",
			"resolved": "https://registry.npmjs.org/es6-symbol/-/es6-symbol-3.1.3.tgz",
			"integrity": "sha512-NJ6Yn3FuDinBaBRWl/q5X/s4koRHBrgKAu+yGI6JCBeiu3qrcbJhwT2GeR/EXVfylRk8dpQVJoLEFhK+Mu31NA==",
			"dependencies": {
				"d": "^1.0.1",
				"ext": "^1.1.2"
			}
		},
		"node_modules/ext": {
			"version": "1.4.0",
			"resolved": "https://registry.npmjs.org/ext/-/ext-1.4.0.tgz",
			"integrity": "sha512-Key5NIsUxdqKg3vIsdw9dSuXpPCQ297y6wBjL30edxwPgt2E44WcWBZey/ZvUc6sERLTxKdyCu4gZFmUbk1Q7A==",
			"dependencies": {
				"type": "^2.0.0"
			}
		},
		"node_modules/ext/node_modules/type": {
			"version": "2.0.0",
			"resolved": "https://registry.npmjs.org/type/-/type-2.0.0.tgz",
			"integrity": "sha512-KBt58xCHry4Cejnc2ISQAF7QY+ORngsWfxezO68+12hKV6lQY8P/psIkcbjeHWn7MqcgciWJyCCevFMJdIXpow=="
		},
		"node_modules/influx": {
			"version": "5.0.7",
			"resolved": "https://registry.npmjs.org/influx/-/influx-5.0.7.tgz",
			"integrity": "sha1-NeZfa/E8uqF2MQi1WWqAanJ6Upo="
		},
		"node_modules/is-typedarray": {
			"version": "1.0.0",
			"resolved": "https://registry.npmjs.org/is-typedarray/-/is-typedarray-1.0.0.tgz",
			"integrity": "sha1-5HnICFjfDBsR3dppQPlgEfzaSpo="
		},
		"node_modules/json5": {
			"version": "2.2.2",
			"resolved": "https://registry.npmjs.org/json5/-/json5-2.2.2.tgz",
			"integrity": "sha512-46Tk9JiOL2z7ytNQWFLpj99RZkVgeHf87yGQKsIkaPz1qSH9UczKH1rO7K3wgRselo0tYMUNfecYpm/p1vC7tQ==",
			"bin": {
				"json5": "lib/cli.js"
			},
			"engines": {
				"node": ">=6"
			}
		},
		"node_modules/ms": {
			"version": "2.0.0",
			"resolved": "https://registry.npmjs.org/ms/-/ms-2.0.0.tgz",
			"integrity": "sha1-VgiurfwAvmwpAd9fmGF4jeDVl8g="
		},
		"node_modules/nan": {
			"version": "2.14.0",
			"resolved": "https://registry.npmjs.org/nan/-/nan-2.14.0.tgz",
			"integrity": "sha512-INOFj37C7k3AfaNTtX8RhsTw7qRy7eLET14cROi9+5HAVbbHuIWUHEauBv5qT4Av2tWasiTY1Jw6puUNqRJXQg=="
		},
		"node_modules/next-tick": {
			"version": "1.0.0",
			"resolved": "https://registry.npmjs.org/next-tick/-/next-tick-1.0.0.tgz",
			"integrity": "sha1-yobR/ogoFpsBICCOPchCS524NCw="
		},
		"node_modules/node-lox-ws-api": {
			"version": "0.4.5",
			"resolved": "https://registry.npmjs.org/node-lox-ws-api/-/node-lox-ws-api-0.4.5.tgz",
			"integrity": "sha512-Zubl5n63vR2J+JlW+BNUnkJuXxl43y8DLPPFFDs5ZOloIVKGHcHPeuWR/naDoUZ75xf/jozUrd+TEjmRmI7sYg==",
			"dependencies": {
				"websocket": "^1.0.28"
			},
			"engines": {
				"node": ">=4.2.6"
			}
		},
		"node_modules/type": {
			"version": "1.2.0",
			"resolved": "https://registry.npmjs.org/type/-/type-1.2.0.tgz",
			"integrity": "sha512-+5nt5AAniqsCnu2cEQQdpzCAh33kVx8n0VoFidKpB1dVVLAN/F+bgVOqOJqOnEnrhp222clB5p3vUlD+1QAnfg=="
		},
		"node_modules/typedarray-to-buffer": {
			"version": "3.1.5",
			"resolved": "https://registry.npmjs.org/typedarray-to-buffer/-/typedarray-to-buffer-3.1.5.tgz",
			"integrity": "sha512-zdu8XMNEDepKKR+XYOXAVPtWui0ly0NtohUscw+UmaHiAWT8hrV1rr//H6V+0DvJ3OQ19S979M0laLfX8rm82Q==",
			"dependencies": {
				"is-typedarray": "^1.0.0"
			}
		},
		"node_modules/typescript": {
			"version": "3.8.3",
			"resolved": "https://registry.npmjs.org/typescript/-/typescript-3.8.3.tgz",
			"integrity": "sha512-MYlEfn5VrLNsgudQTVJeNaQFUAI7DkhnOjdpAp4T+ku1TfQClewlbSuTVHiA+8skNBgaf02TL/kLOvig4y3G8w==",
			"bin": {
				"tsc": "bin/tsc",
				"tsserver": "bin/tsserver"
			},
			"engines": {
				"node": ">=4.2.0"
			}
		},
		"node_modules/websocket": {
			"version": "1.0.31",
			"resolved": "https://registry.npmjs.org/websocket/-/websocket-1.0.31.tgz",
			"integrity": "sha512-VAouplvGKPiKFDTeCCO65vYHsyay8DqoBSlzIO3fayrfOgU94lQN5a1uWVnFrMLceTJw/+fQXR5PGbUVRaHshQ==",
			"hasInstallScript": true,
			"dependencies": {
				"debug": "^2.2.0",
				"es5-ext": "^0.10.50",
				"nan": "^2.14.0",
				"typedarray-to-buffer": "^3.1.5",
				"yaeti": "^0.0.6"
			},
			"engines": {
				"node": ">=0.10.0"
			}
		},
		"node_modules/yaeti": {
			"version": "0.0.6",
			"resolved": "https://registry.npmjs.org/yaeti/-/yaeti-0.0.6.tgz",
			"integrity": "sha1-8m9ITXJoTPQr7ft2lwqhYI+/lXc=",
			"engines": {
				"node": ">=0.10.32"
			}
		}
	},
	"dependencies": {
		"@types/config": {
			"version": "0.0.36",
			"resolved": "https://registry.npmjs.org/@types/config/-/config-0.0.36.tgz",
			"integrity": "sha512-EoAeT1MyFWh2BJvBDEFInY714bQBbHOAucqxqqhprhbBFqr+B7fuN5T9CJqUIGDzvwubnKKRqmSo6yPo0aSpNw==",
			"dev": true
		},
		"@types/node": {
			"version": "13.7.7",
			"resolved": "https://registry.npmjs.org/@types/node/-/node-13.7.7.tgz",
			"integrity": "sha512-Uo4chgKbnPNlxQwoFmYIwctkQVkMMmsAoGGU4JKwLuvBefF0pCq4FybNSnfkfRCpC7ZW7kttcC/TrRtAJsvGtg==",
			"dev": true
		},
		"config": {
			"version": "3.3.8",
			"resolved": "https://registry.npmjs.org/config/-/config-3.3.8.tgz",
			"integrity": "sha512-rFzF6VESOdp7wAXFlB9IOZI4ouL05g3A03v2eRcTHj2JBQaTNJ40zhAUl5wRbWHqLZ+uqp/7OE0BWWtAVgrong==",
			"requires": {
				"json5": "^2.2.1"
			}
		},
		"d": {
			"version": "1.0.1",
			"resolved": "https://registry.npmjs.org/d/-/d-1.0.1.tgz",
			"integrity": "sha512-m62ShEObQ39CfralilEQRjH6oAMtNCV1xJyEx5LpRYUVN+EviphDgUc/F3hnYbADmkiNs67Y+3ylmlG7Lnu+FA==",
			"requires": {
				"es5-ext": "^0.10.50",
				"type": "^1.0.1"
			}
		},
		"debug": {
			"version": "2.6.9",
			"resolved": "https://registry.npmjs.org/debug/-/debug-2.6.9.tgz",
			"integrity": "sha512-bC7ElrdJaJnPbAP+1EotYvqZsb3ecl5wi6Bfi6BJTUcNowp6cvspg0jXznRTKDjm/E7AdgFBVeAPVMNcKGsHMA==",
			"requires": {
				"ms": "2.0.0"
			}
		},
		"es5-ext": {
			"version": "0.10.53",
			"resolved": "https://registry.npmjs.org/es5-ext/-/es5-ext-0.10.53.tgz",
			"integrity": "sha512-Xs2Stw6NiNHWypzRTY1MtaG/uJlwCk8kH81920ma8mvN8Xq1gsfhZvpkImLQArw8AHnv8MT2I45J3c0R8slE+Q==",
			"requires": {
				"es6-iterator": "~2.0.3",
				"es6-symbol": "~3.1.3",
				"next-tick": "~1.0.0"
			}
		},
		"es6-iterator": {
			"version": "2.0.3",
			"resolved": "https://registry.npmjs.org/es6-iterator/-/es6-iterator-2.0.3.tgz",
			"integrity": "sha1-p96IkUGgWpSwhUQDstCg+/qY87c=",
			"requires": {
				"d": "1",
				"es5-ext": "^0.10.35",
				"es6-symbol": "^3.1.1"
			}
		},
		"es6-symbol": {
			"version": "3.1.3",
			"resolved": "https://registry.npmjs.org/es6-symbol/-/es6-symbol-3.1.3.tgz",
			"integrity": "sha512-NJ6Yn3FuDinBaBRWl/q5X/s4koRHBrgKAu+yGI6JCBeiu3qrcbJhwT2GeR/EXVfylRk8dpQVJoLEFhK+Mu31NA==",
			"requires": {
				"d": "^1.0.1",
				"ext": "^1.1.2"
			}
		},
		"ext": {
			"version": "1.4.0",
			"resolved": "https://registry.npmjs.org/ext/-/ext-1.4.0.tgz",
			"integrity": "sha512-Key5NIsUxdqKg3vIsdw9dSuXpPCQ297y6wBjL30edxwPgt2E44WcWBZey/ZvUc6sERLTxKdyCu4gZFmUbk1Q7A==",
			"requires": {
				"type": "^2.0.0"
			},
			"dependencies": {
				"type": {
					"version": "2.0.0",
					"resolved": "https://registry.npmjs.org/type/-/type-2.0.0.tgz",
					"integrity": "sha512-KBt58xCHry4Cejnc2ISQAF7QY+ORngsWfxezO68+12hKV6lQY8P/psIkcbjeHWn7MqcgciWJyCCevFMJdIXpow=="
				}
			}
		},
		"influx": {
			"version": "5.0.7",
			"resolved": "https://registry.npmjs.org/influx/-/influx-5.0.7.tgz",
			"integrity": "sha1-NeZfa/E8uqF2MQi1WWqAanJ6Upo="
		},
		"is-typedarray": {
			"version": "1.0.0",
			"resolved": "https://registry.npmjs.org/is-typedarray/-/is-typedarray-1.0.0.tgz",
			"integrity": "sha1-5HnICFjfDBsR3dppQPlgEfzaSpo="
		},
		"json5": {
			"version": "2.2.2",
			"resolved": "https://registry.npmjs.org/json5/-/json5-2.2.2.tgz",
			"integrity": "sha512-46Tk9JiOL2z7ytNQWFLpj99RZkVgeHf87yGQKsIkaPz1qSH9UczKH1rO7K3wgRselo0tYMUNfecYpm/p1vC7tQ=="
		},
		"ms": {
			"version": "2.0.0",
			"resolved": "https://registry.npmjs.org/ms/-/ms-2.0.0.tgz",
			"integrity": "sha1-VgiurfwAvmwpAd9fmGF4jeDVl8g="
		},
		"nan": {
			"version": "2.14.0",
			"resolved": "https://registry.npmjs.org/nan/-/nan-2.14.0.tgz",
			"integrity": "sha512-INOFj37C7k3AfaNTtX8RhsTw7qRy7eLET14cROi9+5HAVbbHuIWUHEauBv5qT4Av2tWasiTY1Jw6puUNqRJXQg=="
		},
		"next-tick": {
			"version": "1.0.0",
			"resolved": "https://registry.npmjs.org/next-tick/-/next-tick-1.0.0.tgz",
			"integrity": "sha1-yobR/ogoFpsBICCOPchCS524NCw="
		},
		"node-lox-ws-api": {
			"version": "0.4.5",
			"resolved": "https://registry.npmjs.org/node-lox-ws-api/-/node-lox-ws-api-0.4.5.tgz",
			"integrity": "sha512-Zubl5n63vR2J+JlW+BNUnkJuXxl43y8DLPPFFDs5ZOloIVKGHcHPeuWR/naDoUZ75xf/jozUrd+TEjmRmI7sYg==",
			"requires": {
				"websocket": "^1.0.28"
			}
		},
		"type": {
			"version": "1.2.0",
			"resolved": "https://registry.npmjs.org/type/-/type-1.2.0.tgz",
			"integrity": "sha512-+5nt5AAniqsCnu2cEQQdpzCAh33kVx8n0VoFidKpB1dVVLAN/F+bgVOqOJqOnEnrhp222clB5p3vUlD+1QAnfg=="
		},
		"typedarray-to-buffer": {
			"version": "3.1.5",
			"resolved": "https://registry.npmjs.org/typedarray-to-buffer/-/typedarray-to-buffer-3.1.5.tgz",
			"integrity": "sha512-zdu8XMNEDepKKR+XYOXAVPtWui0ly0NtohUscw+UmaHiAWT8hrV1rr//H6V+0DvJ3OQ19S979M0laLfX8rm82Q==",
			"requires": {
				"is-typedarray": "^1.0.0"
			}
		},
		"typescript": {
			"version": "3.8.3",
			"resolved": "https://registry.npmjs.org/typescript/-/typescript-3.8.3.tgz",
			"integrity": "sha512-MYlEfn5VrLNsgudQTVJeNaQFUAI7DkhnOjdpAp4T+ku1TfQClewlbSuTVHiA+8skNBgaf02TL/kLOvig4y3G8w=="
		},
		"websocket": {
			"version": "1.0.31",
			"resolved": "https://registry.npmjs.org/websocket/-/websocket-1.0.31.tgz",
			"integrity": "sha512-VAouplvGKPiKFDTeCCO65vYHsyay8DqoBSlzIO3fayrfOgU94lQN5a1uWVnFrMLceTJw/+fQXR5PGbUVRaHshQ==",
			"requires": {
				"debug": "^2.2.0",
				"es5-ext": "^0.10.50",
				"nan": "^2.14.0",
				"typedarray-to-buffer": "^3.1.5",
				"yaeti": "^0.0.6"
			}
		},
		"yaeti": {
			"version": "0.0.6",
			"resolved": "https://registry.npmjs.org/yaeti/-/yaeti-0.0.6.tgz",
			"integrity": "sha1-8m9ITXJoTPQr7ft2lwqhYI+/lXc="
		}
	}
}
